
Microsoft Visual Studio Solution File, Format Version 12.00
# Visual Studio Version 17
VisualStudioVersion = 17.4.33213.308
MinimumVisualStudioVersion = 10.0.40219.1
Project("{FAE04EC0-301F-11D3-BF4B-00C04F79EFBC}") = "CS2", "CS2\CS2.csproj", "{1331AD1F-579F-4DB3-82B4-255E4A649B23}"
EndProject
Global
	GlobalSection(SolutionConfigurationPlatforms) = preSolution
		Debug|Any CPU = Debug|Any CPU
		Release|Any CPU = Release|Any CPU
	EndGlobalSection
	GlobalSection(ProjectConfigurationPlatforms) = postSolution
		{1331AD1F-579F-4DB3-82B4-255E4A649B23}.Debug|Any CPU.ActiveCfg = Debug|Any CPU
		{1331AD1F-579F-4DB3-82B4-255E4A649B23}.Debug|Any CPU.Build.0 = Debug|Any CPU
		{1331AD1F-579F-4DB3-82B4-255E4A649B23}.Release|Any CPU.ActiveCfg = Release|Any CPU
		{1331AD1F-579F-4DB3-82B4-255E4A649B23}.Release|Any CPU.Build.0 = Release|Any CPU
	EndGlobalSection
	GlobalSection(SolutionProperties) = preSolution
		HideSolutionNode = FALSE
	EndGlobalSection
	GlobalSection(ExtensibilityGlobals) = postSolution
		SolutionGuid = {E5A906B3-11CD-4651-BF42-30CED7798305}
	EndGlobalSection
EndGlobal
